
Microsoft Visual Studio Solution File, Format Version 12.00
# Visual Studio Version 16
VisualStudioVersion = 16.0.31911.196
MinimumVisualStudioVersion = 10.0.40219.1
Project("{FAE04EC0-301F-11D3-BF4B-00C04F79EFBC}") = "OTPControl.Android", "OTPControl.Android\OTPControl.Android.csproj", "{AB6F4D22-C054-4BD4-B915-FBE73B35D8BC}"
EndProject
Project("{FAE04EC0-301F-11D3-BF4B-00C04F79EFBC}") = "OTPControl.iOS", "OTPControl.iOS\OTPControl.iOS.csproj", "{1B7A00FD-15E1-477F-9DB8-FB592E11DD66}"
EndProject
Project("{FAE04EC0-301F-11D3-BF4B-00C04F79EFBC}") = "OTPControl", "OTPControl\OTPControl.csproj", "{D8B43CEB-E0AD-473E-B92E-4D6980EACA69}"
EndProject
Global
	GlobalSection(SolutionConfigurationPlatforms) = preSolution
		Debug|Any CPU = Debug|Any CPU
		Debug|iPhone = Debug|iPhone
		Debug|iPhoneSimulator = Debug|iPhoneSimulator
		Release|Any CPU = Release|Any CPU
		Release|iPhone = Release|iPhone
		Release|iPhoneSimulator = Release|iPhoneSimulator
	EndGlobalSection
	GlobalSection(ProjectConfigurationPlatforms) = postSolution
		{AB6F4D22-C054-4BD4-B915-FBE73B35D8BC}.Debug|Any CPU.ActiveCfg = Debug|Any CPU
		{AB6F4D22-C054-4BD4-B915-FBE73B35D8BC}.Debug|Any CPU.Build.0 = Debug|Any CPU
		{AB6F4D22-C054-4BD4-B915-FBE73B35D8BC}.Debug|Any CPU.Deploy.0 = Debug|Any CPU
		{AB6F4D22-C054-4BD4-B915-FBE73B35D8BC}.Debug|iPhone.ActiveCfg = Debug|Any CPU
		{AB6F4D22-C054-4BD4-B915-FBE73B35D8BC}.Debug|iPhone.Build.0 = Debug|Any CPU
		{AB6F4D22-C054-4BD4-B915-FBE73B35D8BC}.Debug|iPhone.Deploy.0 = Debug|Any CPU
		{AB6F4D22-C054-4BD4-B915-FBE73B35D8BC}.Debug|iPhoneSimulator.ActiveCfg = Debug|Any CPU
		{AB6F4D22-C054-4BD4-B915-FBE73B35D8BC}.Debug|iPhoneSimulator.Build.0 = Debug|Any CPU
		{AB6F4D22-C054-4BD4-B915-FBE73B35D8BC}.Debug|iPhoneSimulator.Deploy.0 = Debug|Any CPU
		{AB6F4D22-C054-4BD4-B915-FBE73B35D8BC}.Release|Any CPU.ActiveCfg = Release|Any CPU
		{AB6F4D22-C054-4BD4-B915-FBE73B35D8BC}.Release|Any CPU.Build.0 = Release|Any CPU
		{AB6F4D22-C054-4BD4-B915-FBE73B35D8BC}.Release|Any CPU.Deploy.0 = Release|Any CPU
		{AB6F4D22-C054-4BD4-B915-FBE73B35D8BC}.Release|iPhone.ActiveCfg = Release|Any CPU
		{AB6F4D22-C054-4BD4-B915-FBE73B35D8BC}.Release|iPhone.Build.0 = Release|Any CPU
		{AB6F4D22-C054-4BD4-B915-FBE73B35D8BC}.Release|iPhone.Deploy.0 = Release|Any CPU
		{AB6F4D22-C054-4BD4-B915-FBE73B35D8BC}.Release|iPhoneSimulator.ActiveCfg = Release|Any CPU
		{AB6F4D22-C054-4BD4-B915-FBE73B35D8BC}.Release|iPhoneSimulator.Build.0 = Release|Any CPU
		{AB6F4D22-C054-4BD4-B915-FBE73B35D8BC}.Release|iPhoneSimulator.Deploy.0 = Release|Any CPU
		{1B7A00FD-15E1-477F-9DB8-FB592E11DD66}.Debug|Any CPU.ActiveCfg = Debug|iPhone
		{1B7A00FD-15E1-477F-9DB8-FB592E11DD66}.Debug|Any CPU.Build.0 = Debug|iPhone
		{1B7A00FD-15E1-477F-9DB8-FB592E11DD66}.Debug|Any CPU.Deploy.0 = Debug|iPhone
		{1B7A00FD-15E1-477F-9DB8-FB592E11DD66}.Debug|iPhone.ActiveCfg = Debug|iPhone
		{1B7A00FD-15E1-477F-9DB8-FB592E11DD66}.Debug|iPhone.Build.0 = Debug|iPhone
		{1B7A00FD-15E1-477F-9DB8-FB592E11DD66}.Debug|iPhone.Deploy.0 = Debug|iPhone
		{1B7A00FD-15E1-477F-9DB8-FB592E11DD66}.Debug|iPhoneSimulator.ActiveCfg = Debug|iPhoneSimulator
		{1B7A00FD-15E1-477F-9DB8-FB592E11DD66}.Debug|iPhoneSimulator.Build.0 = Debug|iPhoneSimulator
		{1B7A00FD-15E1-477F-9DB8-FB592E11DD66}.Debug|iPhoneSimulator.Deploy.0 = Debug|iPhoneSimulator
		{1B7A00FD-15E1-477F-9DB8-FB592E11DD66}.Release|Any CPU.ActiveCfg = Release|iPhoneSimulator
		{1B7A00FD-15E1-477F-9DB8-FB592E11DD66}.Release|Any CPU.Build.0 = Release|iPhoneSimulator
		{1B7A00FD-15E1-477F-9DB8-FB592E11DD66}.Release|Any CPU.Deploy.0 = Release|iPhoneSimulator
		{1B7A00FD-15E1-477F-9DB8-FB592E11DD66}.Release|iPhone.ActiveCfg = Release|iPhone
		{1B7A00FD-15E1-477F-9DB8-FB592E11DD66}.Release|iPhone.Build.0 = Release|iPhone
		{1B7A00FD-15E1-477F-9DB8-FB592E11DD66}.Release|iPhone.Deploy.0 = Release|iPhone
		{1B7A00FD-15E1-477F-9DB8-FB592E11DD66}.Release|iPhoneSimulator.ActiveCfg = Release|iPhoneSimulator
		{1B7A00FD-15E1-477F-9DB8-FB592E11DD66}.Release|iPhoneSimulator.Build.0 = Release|iPhoneSimulator
		{1B7A00FD-15E1-477F-9DB8-FB592E11DD66}.Release|iPhoneSimulator.Deploy.0 = Release|iPhoneSimulator
		{D8B43CEB-E0AD-473E-B92E-4D6980EACA69}.Debug|Any CPU.ActiveCfg = Debug|Any CPU
		{D8B43CEB-E0AD-473E-B92E-4D6980EACA69}.Debug|Any CPU.Build.0 = Debug|Any CPU
		{D8B43CEB-E0AD-473E-B92E-4D6980EACA69}.Debug|Any CPU.Deploy.0 = Debug|Any CPU
		{D8B43CEB-E0AD-473E-B92E-4D6980EACA69}.Debug|iPhone.ActiveCfg = Debug|Any CPU
		{D8B43CEB-E0AD-473E-B92E-4D6980EACA69}.Debug|iPhone.Build.0 = Debug|Any CPU
		{D8B43CEB-E0AD-473E-B92E-4D6980EACA69}.Debug|iPhone.Deploy.0 = Debug|Any CPU
		{D8B43CEB-E0AD-473E-B92E-4D6980EACA69}.Debug|iPhoneSimulator.ActiveCfg = Debug|Any CPU
		{D8B43CEB-E0AD-473E-B92E-4D6980EACA69}.Debug|iPhoneSimulator.Build.0 = Debug|Any CPU
		{D8B43CEB-E0AD-473E-B92E-4D6980EACA69}.Debug|iPhoneSimulator.Deploy.0 = Debug|Any CPU
		{D8B43CEB-E0AD-473E-B92E-4D6980EACA69}.Release|Any CPU.ActiveCfg = Release|Any CPU
		{D8B43CEB-E0AD-473E-B92E-4D6980EACA69}.Release|Any CPU.Build.0 = Release|Any CPU
		{D8B43CEB-E0AD-473E-B92E-4D6980EACA69}.Release|Any CPU.Deploy.0 = Release|Any CPU
		{D8B43CEB-E0AD-473E-B92E-4D6980EACA69}.Release|iPhone.ActiveCfg = Release|Any CPU
		{D8B43CEB-E0AD-473E-B92E-4D6980EACA69}.Release|iPhone.Build.0 = Release|Any CPU
		{D8B43CEB-E0AD-473E-B92E-4D6980EACA69}.Release|iPhone.Deploy.0 = Release|Any CPU
		{D8B43CEB-E0AD-473E-B92E-4D6980EACA69}.Release|iPhoneSimulator.ActiveCfg = Release|Any CPU
		{D8B43CEB-E0AD-473E-B92E-4D6980EACA69}.Release|iPhoneSimulator.Build.0 = Release|Any CPU
		{D8B43CEB-E0AD-473E-B92E-4D6980EACA69}.Release|iPhoneSimulator.Deploy.0 = Release|Any CPU
	EndGlobalSection
	GlobalSection(SolutionProperties) = preSolution
		HideSolutionNode = FALSE
	EndGlobalSection
	GlobalSection(ExtensibilityGlobals) = postSolution
		SolutionGuid = {58AED0AA-8236-4D54-B778-D37495BC1CFD}
	EndGlobalSection
EndGlobal
